
Microsoft Visual Studio Solution File, Format Version 12.00
# Visual Studio Version 17
VisualStudioVersion = 17.13.35825.156 d17.13
MinimumVisualStudioVersion = 10.0.40219.1
Project("{FAE04EC0-301F-11D3-BF4B-00C04F79EFBC}") = "BackEnd", "BackEnd\BackEnd.csproj", "{EDE7689B-22B0-4E6E-A86C-562096C09534}"
EndProject
Global
	GlobalSection(SolutionConfigurationPlatforms) = preSolution
		Debug|Any CPU = Debug|Any CPU
		Release|Any CPU = Release|Any CPU
	EndGlobalSection
	GlobalSection(ProjectConfigurationPlatforms) = postSolution
		{EDE7689B-22B0-4E6E-A86C-562096C09534}.Debug|Any CPU.ActiveCfg = Debug|Any CPU
		{EDE7689B-22B0-4E6E-A86C-562096C09534}.Debug|Any CPU.Build.0 = Debug|Any CPU
		{EDE7689B-22B0-4E6E-A86C-562096C09534}.Release|Any CPU.ActiveCfg = Release|Any CPU
		{EDE7689B-22B0-4E6E-A86C-562096C09534}.Release|Any CPU.Build.0 = Release|Any CPU
	EndGlobalSection
	GlobalSection(SolutionProperties) = preSolution
		HideSolutionNode = FALSE
	EndGlobalSection
	GlobalSection(ExtensibilityGlobals) = postSolution
		SolutionGuid = {86E77680-6228-48A1-8BC1-E3A372B8BBD1}
	EndGlobalSection
EndGlobal
